
Microsoft Visual Studio Solution File, Format Version 12.00
# Visual Studio 2012
# Clarion 2.1.0.2447
Project("{12B76EC0-1D7B-4FA7-A7D0-C524288B48A1}") = "scintilla", "scintilla.cwproj", "{E6ECE8BD-FD3D-4341-84B5-22C4475AAA97}"
EndProject
Project("{2150E333-8FDC-42A3-9474-1A3956D46DE8}") = "Solution Items", "Solution Items", "{{2150E333-8FDC-42A3-9474-1A3956D46DE8}}"
	ProjectSection(SolutionItems) = postProject
		scintilla.app = scintilla.app
	EndProjectSection
EndProject
Global
	GlobalSection(SolutionConfigurationPlatforms) = preSolution
		Debug|Win32 = Debug|Win32
		Release|Win32 = Release|Win32
	EndGlobalSection
	GlobalSection(ProjectConfigurationPlatforms) = postSolution
		{E6ECE8BD-FD3D-4341-84B5-22C4475AAA97}.Debug|Win32.Build.0 = Debug|Win32
		{E6ECE8BD-FD3D-4341-84B5-22C4475AAA97}.Debug|Win32.ActiveCfg = Debug|Win32
		{E6ECE8BD-FD3D-4341-84B5-22C4475AAA97}.Release|Win32.Build.0 = Release|Win32
		{E6ECE8BD-FD3D-4341-84B5-22C4475AAA97}.Release|Win32.ActiveCfg = Release|Win32
	EndGlobalSection
EndGlobal
